<?xml version="1.0" encoding="utf-8"?>
<Project ToolsVersion="4.0" xmlns="http://schemas.microsoft.com/developer/msbuild/2003">
  <ItemGroup>
    <Filter Include="Source Files">
      <UniqueIdentifier>{4FC737F1-C7A5-4376-A066-2A32D752A2FF}</UniqueIdentifier>
      <Extensions>cpp;c;cc;cxx;def;odl;idl;hpj;bat;asm;asmx</Extensions>
    </Filter>
    <Filter Include="Header Files">
      <UniqueIdentifier>{93995380-89BD-4b04-88EB-625FBE52EBFB}</UniqueIdentifier>
      <Extensions>h;hh;hpp;hxx;hm;inl;inc;ipp;xsd</Extensions>
    </Filter>
    <Filter Include="Resource Files">
      <UniqueIdentifier>{67DA6AB6-F800-4c08-8B7A-83BB121AAD01}</UniqueIdentifier>
      <Extensions>rc;ico;cur;bmp;dlg;rc2;rct;bin;rgs;gif;jpg;jpeg;jpe;resx;tiff;tif;png;wav;mfcribbon-ms</Extensions>
    </Filter>
  </ItemGroup>
  <ItemGroup>
    <ClInclude Include="WorkersRightsComputer.h">
      <Filter>Header Files</Filter>
    </ClInclude>
    <ClInclude Include="WorkersRightsComputerDlg.h">
      <Filter>Header Files</Filter>
    </ClInclude>
    <ClInclude Include="stdafx.h">
      <Filter>Header Files</Filter>
    </ClInclude>
    <ClInclude Include="targetver.h">
      <Filter>Header Files</Filter>
    </ClInclude>
    <ClInclude Include="Resource.h">
      <Filter>Header Files</Filter>
    </ClInclude>
    <ClInclude Include="Person.h">
      <Filter>Header Files</Filter>
    </ClInclude>
    <ClInclude Include="LogoWriter.h">
      <Filter>Header Files</Filter>
    </ClInclude>
    <ClInclude Include="Right.h">
      <Filter>Header Files</Filter>
    </ClInclude>
    <ClInclude Include="MinWage.h">
      <Filter>Header Files</Filter>
    </ClInclude>
    <ClInclude Include="WorkPeriod.h">
      <Filter>Header Files</Filter>
    </ClInclude>
    <ClInclude Include="Utils.h">
      <Filter>Header Files</Filter>
    </ClInclude>
    <ClInclude Include="Holidays.h">
      <Filter>Header Files</Filter>
    </ClInclude>
    <ClInclude Include="MyTime.h">
      <Filter>Header Files</Filter>
    </ClInclude>
    <ClInclude Include="WorkPeriodDlg.h">
      <Filter>Header Files</Filter>
    </ClInclude>
    <ClInclude Include="AllRights.h">
      <Filter>Header Files</Filter>
    </ClInclude>
    <ClInclude Include="Hebrew.h">
      <Filter>Header Files</Filter>
    </ClInclude>
    <ClInclude Include="FilesList.h">
      <Filter>Header Files</Filter>
    </ClInclude>
    <ClInclude Include="FileName.h">
      <Filter>Header Files</Filter>
    </ClInclude>
    <ClInclude Include="Additional.h">
      <Filter>Header Files</Filter>
    </ClInclude>
    <ClInclude Include="Notice.h">
      <Filter>Header Files</Filter>
    </ClInclude>
    <ClInclude Include="Pension.h">
      <Filter>Header Files</Filter>
    </ClInclude>
    <ClInclude Include="MonthlyRates.h">
      <Filter>Header Files</Filter>
    </ClInclude>
    <ClInclude Include="YearlyRates.h">
      <Filter>Header Files</Filter>
    </ClInclude>
    <ClInclude Include="Recuperation.h">
      <Filter>Header Files</Filter>
    </ClInclude>
    <ClInclude Include="Seniority.h">
      <Filter>Header Files</Filter>
    </ClInclude>
    <ClInclude Include="Severance.h">
      <Filter>Header Files</Filter>
    </ClInclude>
    <ClInclude Include="Vacation.h">
      <Filter>Header Files</Filter>
    </ClInclude>
    <ClInclude Include="MyDialogEx.h">
      <Filter>Header Files</Filter>
    </ClInclude>
    <ClInclude Include="MyFileDialog.h">
      <Filter>Header Files</Filter>
    </ClInclude>
    <ClInclude Include="MyRegistry.h">
      <Filter>Header Files</Filter>
    </ClInclude>
    <ClInclude Include="XMLParse.h">
      <Filter>Header Files</Filter>
    </ClInclude>
    <ClInclude Include="Verify.h">
      <Filter>Header Files</Filter>
    </ClInclude>
    <ClInclude Include="HtmlWriter.h">
      <Filter>Header Files</Filter>
    </ClInclude>
    <ClInclude Include="EmployerDlg.h">
      <Filter>Header Files</Filter>
    </ClInclude>
    <ClInclude Include="Saver.h">
      <Filter>Header Files</Filter>
    </ClInclude>
    <ClInclude Include="VacationsDlg.h">
      <Filter>Header Files</Filter>
    </ClInclude>
    <ClInclude Include="VacationUsed.h">
      <Filter>Header Files</Filter>
    </ClInclude>
    <ClInclude Include="UsedVacations.h">
      <Filter>Header Files</Filter>
    </ClInclude>
    <ClInclude Include="VacationTable.h">
      <Filter>Header Files</Filter>
    </ClInclude>
    <ClInclude Include="MonthInfo.h">
      <Filter>Header Files</Filter>
    </ClInclude>
    <ClInclude Include="FamilyPart.h">
      <Filter>Header Files</Filter>
    </ClInclude>
    <ClInclude Include="FamilyPartDlg.h">
      <Filter>Header Files</Filter>
    </ClInclude>
    <ClInclude Include="XMLDump.h">
      <Filter>Header Files</Filter>
    </ClInclude>
    <ClInclude Include="MyAskDlg.h">
      <Filter>Header Files</Filter>
    </ClInclude>
    <ClInclude Include="PensionReport.h">
      <Filter>Header Files</Filter>
    </ClInclude>
    <ClInclude Include="Config.h">
      <Filter>Header Files</Filter>
    </ClInclude>
  </ItemGroup>
  <ItemGroup>
    <ClCompile Include="WorkersRightsComputer.cpp">
      <Filter>Source Files</Filter>
    </ClCompile>
    <ClCompile Include="WorkersRightsComputerDlg.cpp">
      <Filter>Source Files</Filter>
    </ClCompile>
    <ClCompile Include="stdafx.cpp">
      <Filter>Source Files</Filter>
    </ClCompile>
    <ClCompile Include="Person.cpp">
      <Filter>Source Files</Filter>
    </ClCompile>
    <ClCompile Include="LogoWriter.cpp">
      <Filter>Source Files</Filter>
    </ClCompile>
    <ClCompile Include="Right.cpp">
      <Filter>Source Files</Filter>
    </ClCompile>
    <ClCompile Include="MinWage.cpp">
      <Filter>Source Files</Filter>
    </ClCompile>
    <ClCompile Include="WorkPeriod.cpp">
      <Filter>Source Files</Filter>
    </ClCompile>
    <ClCompile Include="Utils.cpp">
      <Filter>Source Files</Filter>
    </ClCompile>
    <ClCompile Include="Holidays.cpp">
      <Filter>Source Files</Filter>
    </ClCompile>
    <ClCompile Include="MyTime.cpp">
      <Filter>Source Files</Filter>
    </ClCompile>
    <ClCompile Include="WorkPeriodDlg.cpp">
      <Filter>Source Files</Filter>
    </ClCompile>
    <ClCompile Include="AllRights.cpp">
      <Filter>Source Files</Filter>
    </ClCompile>
    <ClCompile Include="Hebrew.cpp">
      <Filter>Source Files</Filter>
    </ClCompile>
    <ClCompile Include="FilesList.cpp">
      <Filter>Source Files</Filter>
    </ClCompile>
    <ClCompile Include="FileName.cpp">
      <Filter>Source Files</Filter>
    </ClCompile>
    <ClCompile Include="Additional.cpp">
      <Filter>Source Files</Filter>
    </ClCompile>
    <ClCompile Include="Notice.cpp">
      <Filter>Source Files</Filter>
    </ClCompile>
    <ClCompile Include="Pension.cpp">
      <Filter>Source Files</Filter>
    </ClCompile>
    <ClCompile Include="MonthlyRates.cpp">
      <Filter>Source Files</Filter>
    </ClCompile>
    <ClCompile Include="YearlyRates.cpp">
      <Filter>Source Files</Filter>
    </ClCompile>
    <ClCompile Include="Recuperation.cpp">
      <Filter>Source Files</Filter>
    </ClCompile>
    <ClCompile Include="Seniority.cpp">
      <Filter>Source Files</Filter>
    </ClCompile>
    <ClCompile Include="Severance.cpp">
      <Filter>Source Files</Filter>
    </ClCompile>
    <ClCompile Include="Vacation.cpp">
      <Filter>Source Files</Filter>
    </ClCompile>
    <ClCompile Include="MyDialogEx.cpp">
      <Filter>Source Files</Filter>
    </ClCompile>
    <ClCompile Include="MyFileDialog.cpp">
      <Filter>Source Files</Filter>
    </ClCompile>
    <ClCompile Include="MyRegistry.cpp">
      <Filter>Source Files</Filter>
    </ClCompile>
    <ClCompile Include="XMLParse.cpp">
      <Filter>Source Files</Filter>
    </ClCompile>
    <ClCompile Include="Verify.cpp">
      <Filter>Source Files</Filter>
    </ClCompile>
    <ClCompile Include="HtmlWriter.cpp">
      <Filter>Source Files</Filter>
    </ClCompile>
    <ClCompile Include="EmployerDlg.cpp">
      <Filter>Source Files</Filter>
    </ClCompile>
    <ClCompile Include="Saver.cpp">
      <Filter>Source Files</Filter>
    </ClCompile>
    <ClCompile Include="VacationsDlg.cpp">
      <Filter>Source Files</Filter>
    </ClCompile>
    <ClCompile Include="VacationUsed.cpp">
      <Filter>Source Files</Filter>
    </ClCompile>
    <ClCompile Include="UsedVacations.cpp">
      <Filter>Source Files</Filter>
    </ClCompile>
    <ClCompile Include="VacationTable.cpp">
      <Filter>Source Files</Filter>
    </ClCompile>
    <ClCompile Include="MonthInfo.cpp">
      <Filter>Source Files</Filter>
    </ClCompile>
    <ClCompile Include="FamilyPart.cpp">
      <Filter>Source Files</Filter>
    </ClCompile>
    <ClCompile Include="FamilyPartDlg.cpp">
      <Filter>Source Files</Filter>
    </ClCompile>
    <ClCompile Include="XMLDump.cpp">
      <Filter>Source Files</Filter>
    </ClCompile>
    <ClCompile Include="MyAskDlg.cpp">
      <Filter>Source Files</Filter>
    </ClCompile>
    <ClCompile Include="PensionReport.cpp">
      <Filter>Source Files</Filter>
    </ClCompile>
    <ClCompile Include="Config.cpp">
      <Filter>Source Files</Filter>
    </ClCompile>
  </ItemGroup>
  <ItemGroup>
    <ResourceCompile Include="WorkersRightsComputer.rc">
      <Filter>Resource Files</Filter>
    </ResourceCompile>
  </ItemGroup>
  <ItemGroup>
    <None Include="res\WorkersRightsComputer.rc2">
      <Filter>Resource Files</Filter>
    </None>
  </ItemGroup>
  <ItemGroup>
    <Image Include="res\WorkersRightsComputer.ico">
      <Filter>Resource Files</Filter>
    </Image>
  </ItemGroup>
</Project>